
Microsoft Visual Studio Solution File, Format Version 12.00
# Visual Studio Version 17
VisualStudioVersion = 17.9.34723.18
MinimumVisualStudioVersion = 10.0.40219.1
Project("{8BC9CEB8-8B4A-11D0-8D11-00A0C91BC942}") = "step1", "step1.vcxproj", "{21DFA59D-96F8-4BE1-8A4E-CF47A93E2840}"
EndProject
Project("{8BC9CEB8-8B4A-11D0-8D11-00A0C91BC942}") = "chapter1", "..\chapter1\chapter1.vcxproj", "{59BC6694-EFCE-4E93-90CD-405287295835}"
EndProject
Project("{8BC9CEB8-8B4A-11D0-8D11-00A0C91BC942}") = "chapter2", "..\chapter2\chapter2.vcxproj", "{A64A2D9C-A8C9-4CB8-8731-934D9F54A1B8}"
EndProject
Project("{8BC9CEB8-8B4A-11D0-8D11-00A0C91BC942}") = "chapter3", "..\chapter3\chapter3.vcxproj", "{881C7E47-3BE4-4F25-B5D0-3432F5235437}"
EndProject
Project("{8BC9CEB8-8B4A-11D0-8D11-00A0C91BC942}") = "chapter4", "..\chapter4\chapter4.vcxproj", "{9357ED9A-D054-45F4-A81F-B75DF1695CB0}"
EndProject
Project("{8BC9CEB8-8B4A-11D0-8D11-00A0C91BC942}") = "chapter5", "..\chapter5\chapter5.vcxproj", "{53F05FAB-BAB4-418B-82E3-219942115308}"
EndProject
Project("{8BC9CEB8-8B4A-11D0-8D11-00A0C91BC942}") = "chapter6", "..\chapter6\chapter6.vcxproj", "{CBD46E23-E0C5-4B56-9627-DEC932789D5C}"
EndProject
Project("{8BC9CEB8-8B4A-11D0-8D11-00A0C91BC942}") = "chapter7", "..\chapter7\chapter7.vcxproj", "{DE142215-5F6C-4104-B0C4-DEED9E44FA7F}"
EndProject
Project("{8BC9CEB8-8B4A-11D0-8D11-00A0C91BC942}") = "chapter8", "..\chapter8\chapter8.vcxproj", "{574215EB-0635-434A-9EC8-08227B051B5B}"
EndProject
Project("{8BC9CEB8-8B4A-11D0-8D11-00A0C91BC942}") = "chapter9", "..\chapter9\chapter9.vcxproj", "{31B209BB-880C-46DA-8BCB-027ECAA5920B}"
EndProject
Project("{8BC9CEB8-8B4A-11D0-8D11-00A0C91BC942}") = "chapter10", "..\chapter10\chapter10.vcxproj", "{92D9EC46-6DD1-44D3-9D7C-B9AFA4D73D57}"
EndProject
Global
	GlobalSection(SolutionConfigurationPlatforms) = preSolution
		Debug|x64 = Debug|x64
		Debug|x86 = Debug|x86
		Release|x64 = Release|x64
		Release|x86 = Release|x86
	EndGlobalSection
	GlobalSection(ProjectConfigurationPlatforms) = postSolution
		{21DFA59D-96F8-4BE1-8A4E-CF47A93E2840}.Debug|x64.ActiveCfg = Debug|x64
		{21DFA59D-96F8-4BE1-8A4E-CF47A93E2840}.Debug|x64.Build.0 = Debug|x64
		{21DFA59D-96F8-4BE1-8A4E-CF47A93E2840}.Debug|x86.ActiveCfg = Debug|Win32
		{21DFA59D-96F8-4BE1-8A4E-CF47A93E2840}.Debug|x86.Build.0 = Debug|Win32
		{21DFA59D-96F8-4BE1-8A4E-CF47A93E2840}.Release|x64.ActiveCfg = Release|x64
		{21DFA59D-96F8-4BE1-8A4E-CF47A93E2840}.Release|x64.Build.0 = Release|x64
		{21DFA59D-96F8-4BE1-8A4E-CF47A93E2840}.Release|x86.ActiveCfg = Release|Win32
		{21DFA59D-96F8-4BE1-8A4E-CF47A93E2840}.Release|x86.Build.0 = Release|Win32
		{59BC6694-EFCE-4E93-90CD-405287295835}.Debug|x64.ActiveCfg = Debug|x64
		{59BC6694-EFCE-4E93-90CD-405287295835}.Debug|x64.Build.0 = Debug|x64
		{59BC6694-EFCE-4E93-90CD-405287295835}.Debug|x86.ActiveCfg = Debug|Win32
		{59BC6694-EFCE-4E93-90CD-405287295835}.Debug|x86.Build.0 = Debug|Win32
		{59BC6694-EFCE-4E93-90CD-405287295835}.Release|x64.ActiveCfg = Release|x64
		{59BC6694-EFCE-4E93-90CD-405287295835}.Release|x64.Build.0 = Release|x64
		{59BC6694-EFCE-4E93-90CD-405287295835}.Release|x86.ActiveCfg = Release|Win32
		{59BC6694-EFCE-4E93-90CD-405287295835}.Release|x86.Build.0 = Release|Win32
		{A64A2D9C-A8C9-4CB8-8731-934D9F54A1B8}.Debug|x64.ActiveCfg = Debug|x64
		{A64A2D9C-A8C9-4CB8-8731-934D9F54A1B8}.Debug|x64.Build.0 = Debug|x64
		{A64A2D9C-A8C9-4CB8-8731-934D9F54A1B8}.Debug|x86.ActiveCfg = Debug|Win32
		{A64A2D9C-A8C9-4CB8-8731-934D9F54A1B8}.Debug|x86.Build.0 = Debug|Win32
		{A64A2D9C-A8C9-4CB8-8731-934D9F54A1B8}.Release|x64.ActiveCfg = Release|x64
		{A64A2D9C-A8C9-4CB8-8731-934D9F54A1B8}.Release|x64.Build.0 = Release|x64
		{A64A2D9C-A8C9-4CB8-8731-934D9F54A1B8}.Release|x86.ActiveCfg = Release|Win32
		{A64A2D9C-A8C9-4CB8-8731-934D9F54A1B8}.Release|x86.Build.0 = Release|Win32
		{881C7E47-3BE4-4F25-B5D0-3432F5235437}.Debug|x64.ActiveCfg = Debug|x64
		{881C7E47-3BE4-4F25-B5D0-3432F5235437}.Debug|x64.Build.0 = Debug|x64
		{881C7E47-3BE4-4F25-B5D0-3432F5235437}.Debug|x86.ActiveCfg = Debug|Win32
		{881C7E47-3BE4-4F25-B5D0-3432F5235437}.Debug|x86.Build.0 = Debug|Win32
		{881C7E47-3BE4-4F25-B5D0-3432F5235437}.Release|x64.ActiveCfg = Release|x64
		{881C7E47-3BE4-4F25-B5D0-3432F5235437}.Release|x64.Build.0 = Release|x64
		{881C7E47-3BE4-4F25-B5D0-3432F5235437}.Release|x86.ActiveCfg = Release|Win32
		{881C7E47-3BE4-4F25-B5D0-3432F5235437}.Release|x86.Build.0 = Release|Win32
		{9357ED9A-D054-45F4-A81F-B75DF1695CB0}.Debug|x64.ActiveCfg = Debug|x64
		{9357ED9A-D054-45F4-A81F-B75DF1695CB0}.Debug|x64.Build.0 = Debug|x64
		{9357ED9A-D054-45F4-A81F-B75DF1695CB0}.Debug|x86.ActiveCfg = Debug|Win32
		{9357ED9A-D054-45F4-A81F-B75DF1695CB0}.Debug|x86.Build.0 = Debug|Win32
		{9357ED9A-D054-45F4-A81F-B75DF1695CB0}.Release|x64.ActiveCfg = Release|x64
		{9357ED9A-D054-45F4-A81F-B75DF1695CB0}.Release|x64.Build.0 = Release|x64
		{9357ED9A-D054-45F4-A81F-B75DF1695CB0}.Release|x86.ActiveCfg = Release|Win32
		{9357ED9A-D054-45F4-A81F-B75DF1695CB0}.Release|x86.Build.0 = Release|Win32
		{53F05FAB-BAB4-418B-82E3-219942115308}.Debug|x64.ActiveCfg = Debug|x64
		{53F05FAB-BAB4-418B-82E3-219942115308}.Debug|x64.Build.0 = Debug|x64
		{53F05FAB-BAB4-418B-82E3-219942115308}.Debug|x86.ActiveCfg = Debug|Win32
		{53F05FAB-BAB4-418B-82E3-219942115308}.Debug|x86.Build.0 = Debug|Win32
		{53F05FAB-BAB4-418B-82E3-219942115308}.Release|x64.ActiveCfg = Release|x64
		{53F05FAB-BAB4-418B-82E3-219942115308}.Release|x64.Build.0 = Release|x64
		{53F05FAB-BAB4-418B-82E3-219942115308}.Release|x86.ActiveCfg = Release|Win32
		{53F05FAB-BAB4-418B-82E3-219942115308}.Release|x86.Build.0 = Release|Win32
		{CBD46E23-E0C5-4B56-9627-DEC932789D5C}.Debug|x64.ActiveCfg = Debug|x64
		{CBD46E23-E0C5-4B56-9627-DEC932789D5C}.Debug|x64.Build.0 = Debug|x64
		{CBD46E23-E0C5-4B56-9627-DEC932789D5C}.Debug|x86.ActiveCfg = Debug|Win32
		{CBD46E23-E0C5-4B56-9627-DEC932789D5C}.Debug|x86.Build.0 = Debug|Win32
		{CBD46E23-E0C5-4B56-9627-DEC932789D5C}.Release|x64.ActiveCfg = Release|x64
		{CBD46E23-E0C5-4B56-9627-DEC932789D5C}.Release|x64.Build.0 = Release|x64
		{CBD46E23-E0C5-4B56-9627-DEC932789D5C}.Release|x86.ActiveCfg = Release|Win32
		{CBD46E23-E0C5-4B56-9627-DEC932789D5C}.Release|x86.Build.0 = Release|Win32
		{DE142215-5F6C-4104-B0C4-DEED9E44FA7F}.Debug|x64.ActiveCfg = Debug|x64
		{DE142215-5F6C-4104-B0C4-DEED9E44FA7F}.Debug|x64.Build.0 = Debug|x64
		{DE142215-5F6C-4104-B0C4-DEED9E44FA7F}.Debug|x86.ActiveCfg = Debug|Win32
		{DE142215-5F6C-4104-B0C4-DEED9E44FA7F}.Debug|x86.Build.0 = Debug|Win32
		{DE142215-5F6C-4104-B0C4-DEED9E44FA7F}.Release|x64.ActiveCfg = Release|x64
		{DE142215-5F6C-4104-B0C4-DEED9E44FA7F}.Release|x64.Build.0 = Release|x64
		{DE142215-5F6C-4104-B0C4-DEED9E44FA7F}.Release|x86.ActiveCfg = Release|Win32
		{DE142215-5F6C-4104-B0C4-DEED9E44FA7F}.Release|x86.Build.0 = Release|Win32
		{574215EB-0635-434A-9EC8-08227B051B5B}.Debug|x64.ActiveCfg = Debug|x64
		{574215EB-0635-434A-9EC8-08227B051B5B}.Debug|x64.Build.0 = Debug|x64
		{574215EB-0635-434A-9EC8-08227B051B5B}.Debug|x86.ActiveCfg = Debug|Win32
		{574215EB-0635-434A-9EC8-08227B051B5B}.Debug|x86.Build.0 = Debug|Win32
		{574215EB-0635-434A-9EC8-08227B051B5B}.Release|x64.ActiveCfg = Release|x64
		{574215EB-0635-434A-9EC8-08227B051B5B}.Release|x64.Build.0 = Release|x64
		{574215EB-0635-434A-9EC8-08227B051B5B}.Release|x86.ActiveCfg = Release|Win32
		{574215EB-0635-434A-9EC8-08227B051B5B}.Release|x86.Build.0 = Release|Win32
		{31B209BB-880C-46DA-8BCB-027ECAA5920B}.Debug|x64.ActiveCfg = Debug|x64
		{31B209BB-880C-46DA-8BCB-027ECAA5920B}.Debug|x64.Build.0 = Debug|x64
		{31B209BB-880C-46DA-8BCB-027ECAA5920B}.Debug|x86.ActiveCfg = Debug|Win32
		{31B209BB-880C-46DA-8BCB-027ECAA5920B}.Debug|x86.Build.0 = Debug|Win32
		{31B209BB-880C-46DA-8BCB-027ECAA5920B}.Release|x64.ActiveCfg = Release|x64
		{31B209BB-880C-46DA-8BCB-027ECAA5920B}.Release|x64.Build.0 = Release|x64
		{31B209BB-880C-46DA-8BCB-027ECAA5920B}.Release|x86.ActiveCfg = Release|Win32
		{31B209BB-880C-46DA-8BCB-027ECAA5920B}.Release|x86.Build.0 = Release|Win32
		{92D9EC46-6DD1-44D3-9D7C-B9AFA4D73D57}.Debug|x64.ActiveCfg = Debug|x64
		{92D9EC46-6DD1-44D3-9D7C-B9AFA4D73D57}.Debug|x64.Build.0 = Debug|x64
		{92D9EC46-6DD1-44D3-9D7C-B9AFA4D73D57}.Debug|x86.ActiveCfg = Debug|Win32
		{92D9EC46-6DD1-44D3-9D7C-B9AFA4D73D57}.Debug|x86.Build.0 = Debug|Win32
		{92D9EC46-6DD1-44D3-9D7C-B9AFA4D73D57}.Release|x64.ActiveCfg = Release|x64
		{92D9EC46-6DD1-44D3-9D7C-B9AFA4D73D57}.Release|x64.Build.0 = Release|x64
		{92D9EC46-6DD1-44D3-9D7C-B9AFA4D73D57}.Release|x86.ActiveCfg = Release|Win32
		{92D9EC46-6DD1-44D3-9D7C-B9AFA4D73D57}.Release|x86.Build.0 = Release|Win32
	EndGlobalSection
	GlobalSection(SolutionProperties) = preSolution
		HideSolutionNode = FALSE
	EndGlobalSection
	GlobalSection(ExtensibilityGlobals) = postSolution
		SolutionGuid = {19BC8498-CBC7-4EE7-94A0-355E6B21FA5F}
	EndGlobalSection
EndGlobal
